
Microsoft Visual Studio Solution File, Format Version 12.00
# Visual Studio Version 17
VisualStudioVersion = 17.6.33712.159
MinimumVisualStudioVersion = 10.0.40219.1
Project("{888888A0-9F3D-457C-B088-3A5042F75D52}") = "Kaprekar", "Kaprekar.pyproj", "{67EB6951-7C66-42C1-82A8-104350E807AE}"
EndProject
Project("{888888A0-9F3D-457C-B088-3A5042F75D52}") = "CardTrick", "..\CardTrick\CardTrick.pyproj", "{5510DEA7-C863-4D93-BC93-C2E685F6448B}"
EndProject
Global
	GlobalSection(SolutionConfigurationPlatforms) = preSolution
		Debug|Any CPU = Debug|Any CPU
		Release|Any CPU = Release|Any CPU
	EndGlobalSection
	GlobalSection(ProjectConfigurationPlatforms) = postSolution
		{67EB6951-7C66-42C1-82A8-104350E807AE}.Debug|Any CPU.ActiveCfg = Debug|Any CPU
		{67EB6951-7C66-42C1-82A8-104350E807AE}.Release|Any CPU.ActiveCfg = Release|Any CPU
		{5510DEA7-C863-4D93-BC93-C2E685F6448B}.Debug|Any CPU.ActiveCfg = Debug|Any CPU
		{5510DEA7-C863-4D93-BC93-C2E685F6448B}.Release|Any CPU.ActiveCfg = Release|Any CPU
	EndGlobalSection
	GlobalSection(SolutionProperties) = preSolution
		HideSolutionNode = FALSE
	EndGlobalSection
	GlobalSection(ExtensibilityGlobals) = postSolution
		SolutionGuid = {0C6E0616-2E3D-44AD-BE4E-5CAB1E6A8319}
	EndGlobalSection
EndGlobal
